
Microsoft Visual Studio Solution File, Format Version 12.00
# Visual Studio Version 17
VisualStudioVersion = 17.7.34031.279
MinimumVisualStudioVersion = 10.0.40219.1
Project("{FAE04EC0-301F-11D3-BF4B-00C04F79EFBC}") = "EnzoAnte.CAI.Ej03", "EnzoAnte.CAI.Ej03\EnzoAnte.CAI.Ej03.csproj", "{00FC507B-A2C1-4B7B-85C0-5208EABF29B0}"
EndProject
Global
	GlobalSection(SolutionConfigurationPlatforms) = preSolution
		Debug|Any CPU = Debug|Any CPU
		Release|Any CPU = Release|Any CPU
	EndGlobalSection
	GlobalSection(ProjectConfigurationPlatforms) = postSolution
		{00FC507B-A2C1-4B7B-85C0-5208EABF29B0}.Debug|Any CPU.ActiveCfg = Debug|Any CPU
		{00FC507B-A2C1-4B7B-85C0-5208EABF29B0}.Debug|Any CPU.Build.0 = Debug|Any CPU
		{00FC507B-A2C1-4B7B-85C0-5208EABF29B0}.Release|Any CPU.ActiveCfg = Release|Any CPU
		{00FC507B-A2C1-4B7B-85C0-5208EABF29B0}.Release|Any CPU.Build.0 = Release|Any CPU
	EndGlobalSection
	GlobalSection(SolutionProperties) = preSolution
		HideSolutionNode = FALSE
	EndGlobalSection
	GlobalSection(ExtensibilityGlobals) = postSolution
		SolutionGuid = {2C64F1C9-8565-4EDA-9128-11E8DCBBE90D}
	EndGlobalSection
EndGlobal
